// !$*UTF8*$!
{
	archiveVersion = 1;
	classes = {
	};
	objectVersion = 46;
	objects = {

/* Begin PBXBuildFile section */
		1E32AFA2196C158900A0CA73 /* ImagePickerViewController.m in Sources */ = {isa = PBXBuildFile; fileRef = 1E32AFA1196C158900A0CA73 /* ImagePickerViewController.m */; };
		1E32AFA8196C27B000A0CA73 /* ImageCollectionViewCell.m in Sources */ = {isa = PBXBuildFile; fileRef = 1E32AFA7196C27B000A0CA73 /* ImageCollectionViewCell.m */; };
		1E3FF2D61966C1C50074132C /* Foundation.framework in Frameworks */ = {isa = PBXBuildFile; fileRef = 1E3FF2D51966C1C50074132C /* Foundation.framework */; };
		1E3FF2D81966C1C50074132C /* CoreGraphics.framework in Frameworks */ = {isa = PBXBuildFile; fileRef = 1E3FF2D71966C1C50074132C /* CoreGraphics.framework */; };
		1E3FF2DA1966C1C50074132C /* UIKit.framework in Frameworks */ = {isa = PBXBuildFile; fileRef = 1E3FF2D91966C1C50074132C /* UIKit.framework */; };
		1E3FF2E01966C1C50074132C /* InfoPlist.strings in Resources */ = {isa = PBXBuildFile; fileRef = 1E3FF2DE1966C1C50074132C /* InfoPlist.strings */; };
		1E3FF2E21966C1C50074132C /* main.m in Sources */ = {isa = PBXBuildFile; fileRef = 1E3FF2E11966C1C50074132C /* main.m */; };
		1E3FF2E61966C1C60074132C /* AppDelegate.m in Sources */ = {isa = PBXBuildFile; fileRef = 1E3FF2E51966C1C60074132C /* AppDelegate.m */; };
		1E3FF2E91966C1C60074132C /* Main.storyboard in Resources */ = {isa = PBXBuildFile; fileRef = 1E3FF2E71966C1C60074132C /* Main.storyboard */; };
		1E3FF2EC1966C1C60074132C /* ViewController.m in Sources */ = {isa = PBXBuildFile; fileRef = 1E3FF2EB1966C1C60074132C /* ViewController.m */; };
		1E3FF2EE1966C1C60074132C /* Images.xcassets in Resources */ = {isa = PBXBuildFile; fileRef = 1E3FF2ED1966C1C60074132C /* Images.xcassets */; };
		1E3FF2F51966C1C60074132C /* XCTest.framework in Frameworks */ = {isa = PBXBuildFile; fileRef = 1E3FF2F41966C1C60074132C /* XCTest.framework */; };
		1E3FF2F61966C1C60074132C /* Foundation.framework in Frameworks */ = {isa = PBXBuildFile; fileRef = 1E3FF2D51966C1C50074132C /* Foundation.framework */; };
		1E3FF2F71966C1C60074132C /* UIKit.framework in Frameworks */ = {isa = PBXBuildFile; fileRef = 1E3FF2D91966C1C50074132C /* UIKit.framework */; };
		1E3FF2FF1966C1C60074132C /* InfoPlist.strings in Resources */ = {isa = PBXBuildFile; fileRef = 1E3FF2FD1966C1C60074132C /* InfoPlist.strings */; };
		1E3FF3011966C1C60074132C /* InstagramCollageTests.m in Sources */ = {isa = PBXBuildFile; fileRef = 1E3FF3001966C1C60074132C /* InstagramCollageTests.m */; };
		1E94CD301967F5BB0038DBB0 /* AFHTTPRequestOperation.m in Sources */ = {isa = PBXBuildFile; fileRef = 1E94CD1E1967F5BB0038DBB0 /* AFHTTPRequestOperation.m */; };
		1E94CD311967F5BB0038DBB0 /* AFHTTPRequestOperationManager.m in Sources */ = {isa = PBXBuildFile; fileRef = 1E94CD201967F5BB0038DBB0 /* AFHTTPRequestOperationManager.m */; };
		1E94CD321967F5BB0038DBB0 /* AFHTTPSessionManager.m in Sources */ = {isa = PBXBuildFile; fileRef = 1E94CD221967F5BB0038DBB0 /* AFHTTPSessionManager.m */; };
		1E94CD331967F5BB0038DBB0 /* AFNetworkReachabilityManager.m in Sources */ = {isa = PBXBuildFile; fileRef = 1E94CD251967F5BB0038DBB0 /* AFNetworkReachabilityManager.m */; };
		1E94CD341967F5BB0038DBB0 /* AFSecurityPolicy.m in Sources */ = {isa = PBXBuildFile; fileRef = 1E94CD271967F5BB0038DBB0 /* AFSecurityPolicy.m */; };
		1E94CD351967F5BB0038DBB0 /* AFURLConnectionOperation.m in Sources */ = {isa = PBXBuildFile; fileRef = 1E94CD291967F5BB0038DBB0 /* AFURLConnectionOperation.m */; };
		1E94CD361967F5BB0038DBB0 /* AFURLRequestSerialization.m in Sources */ = {isa = PBXBuildFile; fileRef = 1E94CD2B1967F5BB0038DBB0 /* AFURLRequestSerialization.m */; };
		1E94CD371967F5BB0038DBB0 /* AFURLResponseSerialization.m in Sources */ = {isa = PBXBuildFile; fileRef = 1E94CD2D1967F5BB0038DBB0 /* AFURLResponseSerialization.m */; };
		1E94CD381967F5BB0038DBB0 /* AFURLSessionManager.m in Sources */ = {isa = PBXBuildFile; fileRef = 1E94CD2F1967F5BB0038DBB0 /* AFURLSessionManager.m */; };
		1EA00F5F198E7B1F00F94D67 /* DataManager.m in Sources */ = {isa = PBXBuildFile; fileRef = 1EA00F5E198E7B1F00F94D67 /* DataManager.m */; };
		1EA103BC199DB43900D8328B /* AuthViewController.m in Sources */ = {isa = PBXBuildFile; fileRef = 1EA103BB199DB43900D8328B /* AuthViewController.m */; };
		1EA1042A199F7EFF00D8328B /* CollageCollectionViewCell.m in Sources */ = {isa = PBXBuildFile; fileRef = 1EA10427199F7EFF00D8328B /* CollageCollectionViewCell.m */; };
		1EA1042B199F7EFF00D8328B /* CollageCollectionViewController.m in Sources */ = {isa = PBXBuildFile; fileRef = 1EA10429199F7EFF00D8328B /* CollageCollectionViewController.m */; };
		1EA1042F19A22F1C00D8328B /* CustomFlowLayout.m in Sources */ = {isa = PBXBuildFile; fileRef = 1EA1042E19A22F1C00D8328B /* CustomFlowLayout.m */; };
		1ECEFB641971189E00F1119F /* CollageViewController.m in Sources */ = {isa = PBXBuildFile; fileRef = 1ECEFB631971189E00F1119F /* CollageViewController.m */; };
		1ECEFB661971DBC200F1119F /* insta_logo.jpg in Resources */ = {isa = PBXBuildFile; fileRef = 1ECEFB651971DBC200F1119F /* insta_logo.jpg */; };
/* End PBXBuildFile section */

/* Begin PBXContainerItemProxy section */
		1E3FF2F81966C1C60074132C /* PBXContainerItemProxy */ = {
			isa = PBXContainerItemProxy;
			containerPortal = 1E3FF2CA1966C1C50074132C /* Project object */;
			proxyType = 1;
			remoteGlobalIDString = 1E3FF2D11966C1C50074132C;
			remoteInfo = InstagramCollage;
		};
/* End PBXContainerItemProxy section */

/* Begin PBXFileReference section */
		1E32AFA0196C158900A0CA73 /* ImagePickerViewController.h */ = {isa = PBXFileReference; fileEncoding = 4; lastKnownFileType = sourcecode.c.h; path = ImagePickerViewController.h; sourceTree = "<group>"; };
		1E32AFA1196C158900A0CA73 /* ImagePickerViewController.m */ = {isa = PBXFileReference; fileEncoding = 4; lastKnownFileType = sourcecode.c.objc; path = ImagePickerViewController.m; sourceTree = "<group>"; };
		1E32AFA6196C27B000A0CA73 /* ImageCollectionViewCell.h */ = {isa = PBXFileReference; fileEncoding = 4; lastKnownFileType = sourcecode.c.h; path = ImageCollectionViewCell.h; sourceTree = "<group>"; };
		1E32AFA7196C27B000A0CA73 /* ImageCollectionViewCell.m */ = {isa = PBXFileReference; fileEncoding = 4; lastKnownFileType = sourcecode.c.objc; path = ImageCollectionViewCell.m; sourceTree = "<group>"; };
		1E3FF2D21966C1C50074132C /* InstagramCollage.app */ = {isa = PBXFileReference; explicitFileType = wrapper.application; includeInIndex = 0; path = InstagramCollage.app; sourceTree = BUILT_PRODUCTS_DIR; };
		1E3FF2D51966C1C50074132C /* Foundation.framework */ = {isa = PBXFileReference; lastKnownFileType = wrapper.framework; name = Foundation.framework; path = System/Library/Frameworks/Foundation.framework; sourceTree = SDKROOT; };
		1E3FF2D71966C1C50074132C /* CoreGraphics.framework */ = {isa = PBXFileReference; lastKnownFileType = wrapper.framework; name = CoreGraphics.framework; path = System/Library/Frameworks/CoreGraphics.framework; sourceTree = SDKROOT; };
		1E3FF2D91966C1C50074132C /* UIKit.framework */ = {isa = PBXFileReference; lastKnownFileType = wrapper.framework; name = UIKit.framework; path = System/Library/Frameworks/UIKit.framework; sourceTree = SDKROOT; };
		1E3FF2DD1966C1C50074132C /* InstagramCollage-Info.plist */ = {isa = PBXFileReference; lastKnownFileType = text.plist.xml; path = "InstagramCollage-Info.plist"; sourceTree = "<group>"; };
		1E3FF2DF1966C1C50074132C /* en */ = {isa = PBXFileReference; lastKnownFileType = text.plist.strings; name = en; path = en.lproj/InfoPlist.strings; sourceTree = "<group>"; };
		1E3FF2E11966C1C50074132C /* main.m */ = {isa = PBXFileReference; lastKnownFileType = sourcecode.c.objc; path = main.m; sourceTree = "<group>"; };
		1E3FF2E31966C1C60074132C /* InstagramCollage-Prefix.pch */ = {isa = PBXFileReference; lastKnownFileType = sourcecode.c.h; path = "InstagramCollage-Prefix.pch"; sourceTree = "<group>"; };
		1E3FF2E41966C1C60074132C /* AppDelegate.h */ = {isa = PBXFileReference; lastKnownFileType = sourcecode.c.h; path = AppDelegate.h; sourceTree = "<group>"; };
		1E3FF2E51966C1C60074132C /* AppDelegate.m */ = {isa = PBXFileReference; lastKnownFileType = sourcecode.c.objc; path = AppDelegate.m; sourceTree = "<group>"; };
		1E3FF2E81966C1C60074132C /* Base */ = {isa = PBXFileReference; lastKnownFileType = file.storyboard; name = Base; path = Base.lproj/Main.storyboard; sourceTree = "<group>"; };
		1E3FF2EA1966C1C60074132C /* ViewController.h */ = {isa = PBXFileReference; lastKnownFileType = sourcecode.c.h; path = ViewController.h; sourceTree = "<group>"; };
		1E3FF2EB1966C1C60074132C /* ViewController.m */ = {isa = PBXFileReference; lastKnownFileType = sourcecode.c.objc; path = ViewController.m; sourceTree = "<group>"; };
		1E3FF2ED1966C1C60074132C /* Images.xcassets */ = {isa = PBXFileReference; lastKnownFileType = folder.assetcatalog; path = Images.xcassets; sourceTree = "<group>"; };
		1E3FF2F31966C1C60074132C /* InstagramCollageTests.xctest */ = {isa = PBXFileReference; explicitFileType = wrapper.cfbundle; includeInIndex = 0; path = InstagramCollageTests.xctest; sourceTree = BUILT_PRODUCTS_DIR; };
		1E3FF2F41966C1C60074132C /* XCTest.framework */ = {isa = PBXFileReference; lastKnownFileType = wrapper.framework; name = XCTest.framework; path = Library/Frameworks/XCTest.framework; sourceTree = DEVELOPER_DIR; };
		1E3FF2FC1966C1C60074132C /* InstagramCollageTests-Info.plist */ = {isa = PBXFileReference; lastKnownFileType = text.plist.xml; path = "InstagramCollageTests-Info.plist"; sourceTree = "<group>"; };
		1E3FF2FE1966C1C60074132C /* en */ = {isa = PBXFileReference; lastKnownFileType = text.plist.strings; name = en; path = en.lproj/InfoPlist.strings; sourceTree = "<group>"; };
		1E3FF3001966C1C60074132C /* InstagramCollageTests.m */ = {isa = PBXFileReference; lastKnownFileType = sourcecode.c.objc; path = InstagramCollageTests.m; sourceTree = "<group>"; };
		1E94CD1A1967F4DD0038DBB0 /* SenTestingKit.framework */ = {isa = PBXFileReference; lastKnownFileType = wrapper.framework; name = SenTestingKit.framework; path = Library/Frameworks/SenTestingKit.framework; sourceTree = DEVELOPER_DIR; };
		1E94CD1D1967F5BB0038DBB0 /* AFHTTPRequestOperation.h */ = {isa = PBXFileReference; fileEncoding = 4; lastKnownFileType = sourcecode.c.h; path = AFHTTPRequestOperation.h; sourceTree = "<group>"; };
		1E94CD1E1967F5BB0038DBB0 /* AFHTTPRequestOperation.m */ = {isa = PBXFileReference; fileEncoding = 4; lastKnownFileType = sourcecode.c.objc; path = AFHTTPRequestOperation.m; sourceTree = "<group>"; };
		1E94CD1F1967F5BB0038DBB0 /* AFHTTPRequestOperationManager.h */ = {isa = PBXFileReference; fileEncoding = 4; lastKnownFileType = sourcecode.c.h; path = AFHTTPRequestOperationManager.h; sourceTree = "<group>"; };
		1E94CD201967F5BB0038DBB0 /* AFHTTPRequestOperationManager.m */ = {isa = PBXFileReference; fileEncoding = 4; lastKnownFileType = sourcecode.c.objc; path = AFHTTPRequestOperationManager.m; sourceTree = "<group>"; };
		1E94CD211967F5BB0038DBB0 /* AFHTTPSessionManager.h */ = {isa = PBXFileReference; fileEncoding = 4; lastKnownFileType = sourcecode.c.h; path = AFHTTPSessionManager.h; sourceTree = "<group>"; };
		1E94CD221967F5BB0038DBB0 /* AFHTTPSessionManager.m */ = {isa = PBXFileReference; fileEncoding = 4; lastKnownFileType = sourcecode.c.objc; path = AFHTTPSessionManager.m; sourceTree = "<group>"; };
		1E94CD231967F5BB0038DBB0 /* AFNetworking.h */ = {isa = PBXFileReference; fileEncoding = 4; lastKnownFileType = sourcecode.c.h; path = AFNetworking.h; sourceTree = "<group>"; };
		1E94CD241967F5BB0038DBB0 /* AFNetworkReachabilityManager.h */ = {isa = PBXFileReference; fileEncoding = 4; lastKnownFileType = sourcecode.c.h; path = AFNetworkReachabilityManager.h; sourceTree = "<group>"; };
		1E94CD251967F5BB0038DBB0 /* AFNetworkReachabilityManager.m */ = {isa = PBXFileReference; fileEncoding = 4; lastKnownFileType = sourcecode.c.objc; path = AFNetworkReachabilityManager.m; sourceTree = "<group>"; };
		1E94CD261967F5BB0038DBB0 /* AFSecurityPolicy.h */ = {isa = PBXFileReference; fileEncoding = 4; lastKnownFileType = sourcecode.c.h; path = AFSecurityPolicy.h; sourceTree = "<group>"; };
		1E94CD271967F5BB0038DBB0 /* AFSecurityPolicy.m */ = {isa = PBXFileReference; fileEncoding = 4; lastKnownFileType = sourcecode.c.objc; path = AFSecurityPolicy.m; sourceTree = "<group>"; };
		1E94CD281967F5BB0038DBB0 /* AFURLConnectionOperation.h */ = {isa = PBXFileReference; fileEncoding = 4; lastKnownFileType = sourcecode.c.h; path = AFURLConnectionOperation.h; sourceTree = "<group>"; };
		1E94CD291967F5BB0038DBB0 /* AFURLConnectionOperation.m */ = {isa = PBXFileReference; fileEncoding = 4; lastKnownFileType = sourcecode.c.objc; path = AFURLConnectionOperation.m; sourceTree = "<group>"; };
		1E94CD2A1967F5BB0038DBB0 /* AFURLRequestSerialization.h */ = {isa = PBXFileReference; fileEncoding = 4; lastKnownFileType = sourcecode.c.h; path = AFURLRequestSerialization.h; sourceTree = "<group>"; };
		1E94CD2B1967F5BB0038DBB0 /* AFURLRequestSerialization.m */ = {isa = PBXFileReference; fileEncoding = 4; lastKnownFileType = sourcecode.c.objc; path = AFURLRequestSerialization.m; sourceTree = "<group>"; };
		1E94CD2C1967F5BB0038DBB0 /* AFURLResponseSerialization.h */ = {isa = PBXFileReference; fileEncoding = 4; lastKnownFileType = sourcecode.c.h; path = AFURLResponseSerialization.h; sourceTree = "<group>"; };
		1E94CD2D1967F5BB0038DBB0 /* AFURLResponseSerialization.m */ = {isa = PBXFileReference; fileEncoding = 4; lastKnownFileType = sourcecode.c.objc; path = AFURLResponseSerialization.m; sourceTree = "<group>"; };
		1E94CD2E1967F5BB0038DBB0 /* AFURLSessionManager.h */ = {isa = PBXFileReference; fileEncoding = 4; lastKnownFileType = sourcecode.c.h; path = AFURLSessionManager.h; sourceTree = "<group>"; };
		1E94CD2F1967F5BB0038DBB0 /* AFURLSessionManager.m */ = {isa = PBXFileReference; fileEncoding = 4; lastKnownFileType = sourcecode.c.objc; path = AFURLSessionManager.m; sourceTree = "<group>"; };
		1EA00F5D198E7B1F00F94D67 /* DataManager.h */ = {isa = PBXFileReference; fileEncoding = 4; lastKnownFileType = sourcecode.c.h; path = DataManager.h; sourceTree = "<group>"; };
		1EA00F5E198E7B1F00F94D67 /* DataManager.m */ = {isa = PBXFileReference; fileEncoding = 4; lastKnownFileType = sourcecode.c.objc; path = DataManager.m; sourceTree = "<group>"; };
		1EA103BA199DB43900D8328B /* AuthViewController.h */ = {isa = PBXFileReference; fileEncoding = 4; lastKnownFileType = sourcecode.c.h; path = AuthViewController.h; sourceTree = "<group>"; };
		1EA103BB199DB43900D8328B /* AuthViewController.m */ = {isa = PBXFileReference; fileEncoding = 4; lastKnownFileType = sourcecode.c.objc; path = AuthViewController.m; sourceTree = "<group>"; };
		1EA10426199F7EFF00D8328B /* CollageCollectionViewCell.h */ = {isa = PBXFileReference; fileEncoding = 4; lastKnownFileType = sourcecode.c.h; name = CollageCollectionViewCell.h; path = temp/CollageCollectionViewCell.h; sourceTree = "<group>"; };
		1EA10427199F7EFF00D8328B /* CollageCollectionViewCell.m */ = {isa = PBXFileReference; fileEncoding = 4; lastKnownFileType = sourcecode.c.objc; name = CollageCollectionViewCell.m; path = temp/CollageCollectionViewCell.m; sourceTree = "<group>"; };
		1EA10428199F7EFF00D8328B /* CollageCollectionViewController.h */ = {isa = PBXFileReference; fileEncoding = 4; lastKnownFileType = sourcecode.c.h; name = CollageCollectionViewController.h; path = temp/CollageCollectionViewController.h; sourceTree = "<group>"; };
		1EA10429199F7EFF00D8328B /* CollageCollectionViewController.m */ = {isa = PBXFileReference; fileEncoding = 4; lastKnownFileType = sourcecode.c.objc; name = CollageCollectionViewController.m; path = temp/CollageCollectionViewController.m; sourceTree = "<group>"; };
		1EA1042D19A22F1C00D8328B /* CustomFlowLayout.h */ = {isa = PBXFileReference; fileEncoding = 4; lastKnownFileType = sourcecode.c.h; path = CustomFlowLayout.h; sourceTree = "<group>"; };
		1EA1042E19A22F1C00D8328B /* CustomFlowLayout.m */ = {isa = PBXFileReference; fileEncoding = 4; lastKnownFileType = sourcecode.c.objc; path = CustomFlowLayout.m; sourceTree = "<group>"; };
		1ECEFB621971189E00F1119F /* CollageViewController.h */ = {isa = PBXFileReference; fileEncoding = 4; lastKnownFileType = sourcecode.c.h; path = CollageViewController.h; sourceTree = "<group>"; };
		1ECEFB631971189E00F1119F /* CollageViewController.m */ = {isa = PBXFileReference; fileEncoding = 4; lastKnownFileType = sourcecode.c.objc; path = CollageViewController.m; sourceTree = "<group>"; };
		1ECEFB651971DBC200F1119F /* insta_logo.jpg */ = {isa = PBXFileReference; lastKnownFileType = image.jpeg; path = insta_logo.jpg; sourceTree = "<group>"; };
/* End PBXFileReference section */

/* Begin PBXFrameworksBuildPhase section */
		1E3FF2CF1966C1C50074132C /* Frameworks */ = {
			isa = PBXFrameworksBuildPhase;
			buildActionMask = 2147483647;
			files = (
				1E3FF2D81966C1C50074132C /* CoreGraphics.framework in Frameworks */,
				1E3FF2DA1966C1C50074132C /* UIKit.framework in Frameworks */,
				1E3FF2D61966C1C50074132C /* Foundation.framework in Frameworks */,
			);
			runOnlyForDeploymentPostprocessing = 0;
		};
		1E3FF2F01966C1C60074132C /* Frameworks */ = {
			isa = PBXFrameworksBuildPhase;
			buildActionMask = 2147483647;
			files = (
				1E3FF2F51966C1C60074132C /* XCTest.framework in Frameworks */,
				1E3FF2F71966C1C60074132C /* UIKit.framework in Frameworks */,
				1E3FF2F61966C1C60074132C /* Foundation.framework in Frameworks */,
			);
			runOnlyForDeploymentPostprocessing = 0;
		};
/* End PBXFrameworksBuildPhase section */

/* Begin PBXGroup section */
		1E32AFA3196C15A200A0CA73 /* ImagePickerController */ = {
			isa = PBXGroup;
			children = (
				1E32AFA0196C158900A0CA73 /* ImagePickerViewController.h */,
				1E32AFA1196C158900A0CA73 /* ImagePickerViewController.m */,
				1E32AFA6196C27B000A0CA73 /* ImageCollectionViewCell.h */,
				1E32AFA7196C27B000A0CA73 /* ImageCollectionViewCell.m */,
			);
			name = ImagePickerController;
			sourceTree = "<group>";
		};
		1E32AFA4196C15B300A0CA73 /* MainViewController */ = {
			isa = PBXGroup;
			children = (
				1E3FF2EA1966C1C60074132C /* ViewController.h */,
				1E3FF2EB1966C1C60074132C /* ViewController.m */,
			);
			name = MainViewController;
			sourceTree = "<group>";
		};
		1E32AFA5196C15DA00A0CA73 /* AppDelegate */ = {
			isa = PBXGroup;
			children = (
				1E3FF2E41966C1C60074132C /* AppDelegate.h */,
				1E3FF2E51966C1C60074132C /* AppDelegate.m */,
			);
			name = AppDelegate;
			sourceTree = "<group>";
		};
		1E32AFAB196C2ED900A0CA73 /* Images */ = {
			isa = PBXGroup;
			children = (
				1ECEFB651971DBC200F1119F /* insta_logo.jpg */,
			);
			name = Images;
			sourceTree = "<group>";
		};
		1E32AFAC196E8DBB00A0CA73 /* CollageViewController */ = {
			isa = PBXGroup;
			children = (
				1ECEFB621971189E00F1119F /* CollageViewController.h */,
				1ECEFB631971189E00F1119F /* CollageViewController.m */,
			);
			name = CollageViewController;
			sourceTree = "<group>";
		};
		1E3FF2C91966C1C50074132C = {
			isa = PBXGroup;
			children = (
				1E3FF2DB1966C1C50074132C /* InstagramCollage */,
				1E3FF2FA1966C1C60074132C /* InstagramCollageTests */,
				1E3FF2D41966C1C50074132C /* Frameworks */,
				1E3FF2D31966C1C50074132C /* Products */,
			);
			sourceTree = "<group>";
		};
		1E3FF2D31966C1C50074132C /* Products */ = {
			isa = PBXGroup;
			children = (
				1E3FF2D21966C1C50074132C /* InstagramCollage.app */,
				1E3FF2F31966C1C60074132C /* InstagramCollageTests.xctest */,
			);
			name = Products;
			sourceTree = "<group>";
		};
		1E3FF2D41966C1C50074132C /* Frameworks */ = {
			isa = PBXGroup;
			children = (
				1E94CD1C1967F5BB0038DBB0 /* AFNetworking */,
				1E94CD1A1967F4DD0038DBB0 /* SenTestingKit.framework */,
				1E3FF2D51966C1C50074132C /* Foundation.framework */,
				1E3FF2D71966C1C50074132C /* CoreGraphics.framework */,
				1E3FF2D91966C1C50074132C /* UIKit.framework */,
				1E3FF2F41966C1C60074132C /* XCTest.framework */,
			);
			name = Frameworks;
			sourceTree = "<group>";
		};
		1E3FF2DB1966C1C50074132C /* InstagramCollage */ = {
			isa = PBXGroup;
			children = (
				1E32AFA5196C15DA00A0CA73 /* AppDelegate */,
				1E32AFAB196C2ED900A0CA73 /* Images */,
				1EA00F60198E7B2400F94D67 /* DataManager */,
				1E32AFA4196C15B300A0CA73 /* MainViewController */,
				1E32AFA3196C15A200A0CA73 /* ImagePickerController */,
				1E32AFAC196E8DBB00A0CA73 /* CollageViewController */,
				1EA103B9199DB41500D8328B /* AuthViewController */,
				1EA1042C199F7F1200D8328B /* CollageCollectionView */,
				1E3FF2E71966C1C60074132C /* Main.storyboard */,
				1E3FF2ED1966C1C60074132C /* Images.xcassets */,
				1E3FF2DC1966C1C50074132C /* Supporting Files */,
			);
			path = InstagramCollage;
			sourceTree = "<group>";
		};
		1E3FF2DC1966C1C50074132C /* Supporting Files */ = {
			isa = PBXGroup;
			children = (
				1E3FF2DD1966C1C50074132C /* InstagramCollage-Info.plist */,
				1E3FF2DE1966C1C50074132C /* InfoPlist.strings */,
				1E3FF2E11966C1C50074132C /* main.m */,
				1E3FF2E31966C1C60074132C /* InstagramCollage-Prefix.pch */,
			);
			name = "Supporting Files";
			sourceTree = "<group>";
		};
		1E3FF2FA1966C1C60074132C /* InstagramCollageTests */ = {
			isa = PBXGroup;
			children = (
				1E3FF3001966C1C60074132C /* InstagramCollageTests.m */,
				1E3FF2FB1966C1C60074132C /* Supporting Files */,
			);
			path = InstagramCollageTests;
			sourceTree = "<group>";
		};
		1E3FF2FB1966C1C60074132C /* Supporting Files */ = {
			isa = PBXGroup;
			children = (
				1E3FF2FC1966C1C60074132C /* InstagramCollageTests-Info.plist */,
				1E3FF2FD1966C1C60074132C /* InfoPlist.strings */,
			);
			name = "Supporting Files";
			sourceTree = "<group>";
		};
		1E94CD1C1967F5BB0038DBB0 /* AFNetworking */ = {
			isa = PBXGroup;
			children = (
				1E94CD1D1967F5BB0038DBB0 /* AFHTTPRequestOperation.h */,
				1E94CD1E1967F5BB0038DBB0 /* AFHTTPRequestOperation.m */,
				1E94CD1F1967F5BB0038DBB0 /* AFHTTPRequestOperationManager.h */,
				1E94CD201967F5BB0038DBB0 /* AFHTTPRequestOperationManager.m */,
				1E94CD211967F5BB0038DBB0 /* AFHTTPSessionManager.h */,
				1E94CD221967F5BB0038DBB0 /* AFHTTPSessionManager.m */,
				1E94CD231967F5BB0038DBB0 /* AFNetworking.h */,
				1E94CD241967F5BB0038DBB0 /* AFNetworkReachabilityManager.h */,
				1E94CD251967F5BB0038DBB0 /* AFNetworkReachabilityManager.m */,
				1E94CD261967F5BB0038DBB0 /* AFSecurityPolicy.h */,
				1E94CD271967F5BB0038DBB0 /* AFSecurityPolicy.m */,
				1E94CD281967F5BB0038DBB0 /* AFURLConnectionOperation.h */,
				1E94CD291967F5BB0038DBB0 /* AFURLConnectionOperation.m */,
				1E94CD2A1967F5BB0038DBB0 /* AFURLRequestSerialization.h */,
				1E94CD2B1967F5BB0038DBB0 /* AFURLRequestSerialization.m */,
				1E94CD2C1967F5BB0038DBB0 /* AFURLResponseSerialization.h */,
				1E94CD2D1967F5BB0038DBB0 /* AFURLResponseSerialization.m */,
				1E94CD2E1967F5BB0038DBB0 /* AFURLSessionManager.h */,
				1E94CD2F1967F5BB0038DBB0 /* AFURLSessionManager.m */,
			);
			name = AFNetworking;
			path = AFNetworking/AFNetworking;
			sourceTree = "<group>";
		};
		1EA00F60198E7B2400F94D67 /* DataManager */ = {
			isa = PBXGroup;
			children = (
				1EA00F5D198E7B1F00F94D67 /* DataManager.h */,
				1EA00F5E198E7B1F00F94D67 /* DataManager.m */,
			);
			name = DataManager;
			sourceTree = "<group>";
		};
		1EA103B9199DB41500D8328B /* AuthViewController */ = {
			isa = PBXGroup;
			children = (
				1EA103BA199DB43900D8328B /* AuthViewController.h */,
				1EA103BB199DB43900D8328B /* AuthViewController.m */,
			);
			name = AuthViewController;
			sourceTree = "<group>";
		};
		1EA1042C199F7F1200D8328B /* CollageCollectionView */ = {
			isa = PBXGroup;
			children = (
				1EA10426199F7EFF00D8328B /* CollageCollectionViewCell.h */,
				1EA10427199F7EFF00D8328B /* CollageCollectionViewCell.m */,
				1EA10428199F7EFF00D8328B /* CollageCollectionViewController.h */,
				1EA10429199F7EFF00D8328B /* CollageCollectionViewController.m */,
				1EA1042D19A22F1C00D8328B /* CustomFlowLayout.h */,
				1EA1042E19A22F1C00D8328B /* CustomFlowLayout.m */,
			);
			name = CollageCollectionView;
			sourceTree = "<group>";
		};
/* End PBXGroup section */

/* Begin PBXNativeTarget section */
		1E3FF2D11966C1C50074132C /* InstagramCollage */ = {
			isa = PBXNativeTarget;
			buildConfigurationList = 1E3FF3041966C1C60074132C /* Build configuration list for PBXNativeTarget "InstagramCollage" */;
			buildPhases = (
				1E3FF2CE1966C1C50074132C /* Sources */,
				1E3FF2CF1966C1C50074132C /* Frameworks */,
				1E3FF2D01966C1C50074132C /* Resources */,
			);
			buildRules = (
			);
			dependencies = (
			);
			name = InstagramCollage;
			productName = InstagramCollage;
			productReference = 1E3FF2D21966C1C50074132C /* InstagramCollage.app */;
			productType = "com.apple.product-type.application";
		};
		1E3FF2F21966C1C60074132C /* InstagramCollageTests */ = {
			isa = PBXNativeTarget;
			buildConfigurationList = 1E3FF3071966C1C60074132C /* Build configuration list for PBXNativeTarget "InstagramCollageTests" */;
			buildPhases = (
				1E3FF2EF1966C1C60074132C /* Sources */,
				1E3FF2F01966C1C60074132C /* Frameworks */,
				1E3FF2F11966C1C60074132C /* Resources */,
			);
			buildRules = (
			);
			dependencies = (
				1E3FF2F91966C1C60074132C /* PBXTargetDependency */,
			);
			name = InstagramCollageTests;
			productName = InstagramCollageTests;
			productReference = 1E3FF2F31966C1C60074132C /* InstagramCollageTests.xctest */;
			productType = "com.apple.product-type.bundle.unit-test";
		};
/* End PBXNativeTarget section */

/* Begin PBXProject section */
		1E3FF2CA1966C1C50074132C /* Project object */ = {
			isa = PBXProject;
			attributes = {
				LastUpgradeCheck = 0510;
				ORGANIZATIONNAME = "áSoft";
				TargetAttributes = {
					1E3FF2D11966C1C50074132C = {
						DevelopmentTeam = S9676DF7C4;
					};
					1E3FF2F21966C1C60074132C = {
						TestTargetID = 1E3FF2D11966C1C50074132C;
					};
				};
			};
			buildConfigurationList = 1E3FF2CD1966C1C50074132C /* Build configuration list for PBXProject "InstagramCollage" */;
			compatibilityVersion = "Xcode 3.2";
			developmentRegion = English;
			hasScannedForEncodings = 0;
			knownRegions = (
				en,
				Base,
			);
			mainGroup = 1E3FF2C91966C1C50074132C;
			productRefGroup = 1E3FF2D31966C1C50074132C /* Products */;
			projectDirPath = "";
			projectRoot = "";
			targets = (
				1E3FF2D11966C1C50074132C /* InstagramCollage */,
				1E3FF2F21966C1C60074132C /* InstagramCollageTests */,
			);
		};
/* End PBXProject section */

/* Begin PBXResourcesBuildPhase section */
		1E3FF2D01966C1C50074132C /* Resources */ = {
			isa = PBXResourcesBuildPhase;
			buildActionMask = 2147483647;
			files = (
				1E3FF2EE1966C1C60074132C /* Images.xcassets in Resources */,
				1E3FF2E01966C1C50074132C /* InfoPlist.strings in Resources */,
				1E3FF2E91966C1C60074132C /* Main.storyboard in Resources */,
				1ECEFB661971DBC200F1119F /* insta_logo.jpg in Resources */,
			);
			runOnlyForDeploymentPostprocessing = 0;
		};
		1E3FF2F11966C1C60074132C /* Resources */ = {
			isa = PBXResourcesBuildPhase;
			buildActionMask = 2147483647;
			files = (
				1E3FF2FF1966C1C60074132C /* InfoPlist.strings in Resources */,
			);
			runOnlyForDeploymentPostprocessing = 0;
		};
/* End PBXResourcesBuildPhase section */

/* Begin PBXSourcesBuildPhase section */
		1E3FF2CE1966C1C50074132C /* Sources */ = {
			isa = PBXSourcesBuildPhase;
			buildActionMask = 2147483647;
			files = (
				1E3FF2EC1966C1C60074132C /* ViewController.m in Sources */,
				1ECEFB641971189E00F1119F /* CollageViewController.m in Sources */,
				1E94CD341967F5BB0038DBB0 /* AFSecurityPolicy.m in Sources */,
				1E94CD311967F5BB0038DBB0 /* AFHTTPRequestOperationManager.m in Sources */,
				1E94CD351967F5BB0038DBB0 /* AFURLConnectionOperation.m in Sources */,
				1E94CD301967F5BB0038DBB0 /* AFHTTPRequestOperation.m in Sources */,
				1E3FF2E61966C1C60074132C /* AppDelegate.m in Sources */,
				1E94CD361967F5BB0038DBB0 /* AFURLRequestSerialization.m in Sources */,
				1E94CD321967F5BB0038DBB0 /* AFHTTPSessionManager.m in Sources */,
				1E32AFA8196C27B000A0CA73 /* ImageCollectionViewCell.m in Sources */,
				1E94CD331967F5BB0038DBB0 /* AFNetworkReachabilityManager.m in Sources */,
				1EA1042B199F7EFF00D8328B /* CollageCollectionViewController.m in Sources */,
				1E94CD371967F5BB0038DBB0 /* AFURLResponseSerialization.m in Sources */,
				1E94CD381967F5BB0038DBB0 /* AFURLSessionManager.m in Sources */,
				1EA1042F19A22F1C00D8328B /* CustomFlowLayout.m in Sources */,
				1EA103BC199DB43900D8328B /* AuthViewController.m in Sources */,
				1EA00F5F198E7B1F00F94D67 /* DataManager.m in Sources */,
				1E32AFA2196C158900A0CA73 /* ImagePickerViewController.m in Sources */,
				1EA1042A199F7EFF00D8328B /* CollageCollectionViewCell.m in Sources */,
				1E3FF2E21966C1C50074132C /* main.m in Sources */,
			);
			runOnlyForDeploymentPostprocessing = 0;
		};
		1E3FF2EF1966C1C60074132C /* Sources */ = {
			isa = PBXSourcesBuildPhase;
			buildActionMask = 2147483647;
			files = (
				1E3FF3011966C1C60074132C /* InstagramCollageTests.m in Sources */,
			);
			runOnlyForDeploymentPostprocessing = 0;
		};
/* End PBXSourcesBuildPhase section */

/* Begin PBXTargetDependency section */
		1E3FF2F91966C1C60074132C /* PBXTargetDependency */ = {
			isa = PBXTargetDependency;
			target = 1E3FF2D11966C1C50074132C /* InstagramCollage */;
			targetProxy = 1E3FF2F81966C1C60074132C /* PBXContainerItemProxy */;
		};
/* End PBXTargetDependency section */

/* Begin PBXVariantGroup section */
		1E3FF2DE1966C1C50074132C /* InfoPlist.strings */ = {
			isa = PBXVariantGroup;
			children = (
				1E3FF2DF1966C1C50074132C /* en */,
			);
			name = InfoPlist.strings;
			sourceTree = "<group>";
		};
		1E3FF2E71966C1C60074132C /* Main.storyboard */ = {
			isa = PBXVariantGroup;
			children = (
				1E3FF2E81966C1C60074132C /* Base */,
			);
			name = Main.storyboard;
			sourceTree = "<group>";
		};
		1E3FF2FD1966C1C60074132C /* InfoPlist.strings */ = {
			isa = PBXVariantGroup;
			children = (
				1E3FF2FE1966C1C60074132C /* en */,
			);
			name = InfoPlist.strings;
			sourceTree = "<group>";
		};
/* End PBXVariantGroup section */

/* Begin XCBuildConfiguration section */
		1E3FF3021966C1C60074132C /* Debug */ = {
			isa = XCBuildConfiguration;
			buildSettings = {
				ALWAYS_SEARCH_USER_PATHS = NO;
				CLANG_CXX_LANGUAGE_STANDARD = "gnu++0x";
				CLANG_CXX_LIBRARY = "libc++";
				CLANG_ENABLE_MODULES = YES;
				CLANG_ENABLE_OBJC_ARC = YES;
				CLANG_WARN_BOOL_CONVERSION = YES;
				CLANG_WARN_CONSTANT_CONVERSION = YES;
				CLANG_WARN_DIRECT_OBJC_ISA_USAGE = YES_ERROR;
				CLANG_WARN_EMPTY_BODY = YES;
				CLANG_WARN_ENUM_CONVERSION = YES;
				CLANG_WARN_INT_CONVERSION = YES;
				CLANG_WARN_OBJC_ROOT_CLASS = YES_ERROR;
				CLANG_WARN__DUPLICATE_METHOD_MATCH = YES;
				"CODE_SIGN_IDENTITY[sdk=iphoneos*]" = "iPhone Developer";
				COPY_PHASE_STRIP = NO;
				GCC_C_LANGUAGE_STANDARD = gnu99;
				GCC_DYNAMIC_NO_PIC = NO;
				GCC_OPTIMIZATION_LEVEL = 0;
				GCC_PREPROCESSOR_DEFINITIONS = (
					"DEBUG=1",
					"$(inherited)",
				);
				GCC_SYMBOLS_PRIVATE_EXTERN = NO;
				GCC_WARN_64_TO_32_BIT_CONVERSION = YES;
				GCC_WARN_ABOUT_RETURN_TYPE = YES_ERROR;
				GCC_WARN_UNDECLARED_SELECTOR = YES;
				GCC_WARN_UNINITIALIZED_AUTOS = YES_AGGRESSIVE;
				GCC_WARN_UNUSED_FUNCTION = YES;
				GCC_WARN_UNUSED_VARIABLE = YES;
				IPHONEOS_DEPLOYMENT_TARGET = 7.1;
				ONLY_ACTIVE_ARCH = YES;
				SDKROOT = iphoneos;
			};
			name = Debug;
		};
		1E3FF3031966C1C60074132C /* Release */ = {
			isa = XCBuildConfiguration;
			buildSettings = {
				ALWAYS_SEARCH_USER_PATHS = NO;
				CLANG_CXX_LANGUAGE_STANDARD = "gnu++0x";
				CLANG_CXX_LIBRARY = "libc++";
				CLANG_ENABLE_MODULES = YES;
				CLANG_ENABLE_OBJC_ARC = YES;
				CLANG_WARN_BOOL_CONVERSION = YES;
				CLANG_WARN_CONSTANT_CONVERSION = YES;
				CLANG_WARN_DIRECT_OBJC_ISA_USAGE = YES_ERROR;
				CLANG_WARN_EMPTY_BODY = YES;
				CLANG_WARN_ENUM_CONVERSION = YES;
				CLANG_WARN_INT_CONVERSION = YES;
				CLANG_WARN_OBJC_ROOT_CLASS = YES_ERROR;
				CLANG_WARN__DUPLICATE_METHOD_MATCH = YES;
				"CODE_SIGN_IDENTITY[sdk=iphoneos*]" = "iPhone Developer";
				COPY_PHASE_STRIP = YES;
				ENABLE_NS_ASSERTIONS = NO;
				GCC_C_LANGUAGE_STANDARD = gnu99;
				GCC_WARN_64_TO_32_BIT_CONVERSION = YES;
				GCC_WARN_ABOUT_RETURN_TYPE = YES_ERROR;
				GCC_WARN_UNDECLARED_SELECTOR = YES;
				GCC_WARN_UNINITIALIZED_AUTOS = YES_AGGRESSIVE;
				GCC_WARN_UNUSED_FUNCTION = YES;
				GCC_WARN_UNUSED_VARIABLE = YES;
				IPHONEOS_DEPLOYMENT_TARGET = 7.1;
				SDKROOT = iphoneos;
				VALIDATE_PRODUCT = YES;
			};
			name = Release;
		};
		1E3FF3051966C1C60074132C /* Debug */ = {
			isa = XCBuildConfiguration;
			buildSettings = {
				ASSETCATALOG_COMPILER_APPICON_NAME = AppIcon;
				ASSETCATALOG_COMPILER_LAUNCHIMAGE_NAME = LaunchImage;
				FRAMEWORK_SEARCH_PATHS = (
					"$(inherited)",
					"$(DEVELOPER_FRAMEWORKS_DIR)",
				);
				GCC_PRECOMPILE_PREFIX_HEADER = YES;
				GCC_PREFIX_HEADER = "InstagramCollage/InstagramCollage-Prefix.pch";
				INFOPLIST_FILE = "InstagramCollage/InstagramCollage-Info.plist";
				IPHONEOS_DEPLOYMENT_TARGET = 7.0;
				PRODUCT_NAME = "$(TARGET_NAME)";
				WRAPPER_EXTENSION = app;
			};
			name = Debug;
		};
		1E3FF3061966C1C60074132C /* Release */ = {
			isa = XCBuildConfiguration;
			buildSettings = {
				ASSETCATALOG_COMPILER_APPICON_NAME = AppIcon;
				ASSETCATALOG_COMPILER_LAUNCHIMAGE_NAME = LaunchImage;
				FRAMEWORK_SEARCH_PATHS = (
					"$(inherited)",
					"$(DEVELOPER_FRAMEWORKS_DIR)",
				);
				GCC_PRECOMPILE_PREFIX_HEADER = YES;
				GCC_PREFIX_HEADER = "InstagramCollage/InstagramCollage-Prefix.pch";
				INFOPLIST_FILE = "InstagramCollage/InstagramCollage-Info.plist";
				IPHONEOS_DEPLOYMENT_TARGET = 7.0;
				PRODUCT_NAME = "$(TARGET_NAME)";
				WRAPPER_EXTENSION = app;
			};
			name = Release;
		};
		1E3FF3081966C1C60074132C /* Debug */ = {
			isa = XCBuildConfiguration;
			buildSettings = {
				BUNDLE_LOADER = "$(BUILT_PRODUCTS_DIR)/InstagramCollage.app/InstagramCollage";
				FRAMEWORK_SEARCH_PATHS = (
					"$(SDKROOT)/Developer/Library/Frameworks",
					"$(inherited)",
					"$(DEVELOPER_FRAMEWORKS_DIR)",
				);
				GCC_PRECOMPILE_PREFIX_HEADER = YES;
				GCC_PREFIX_HEADER = "InstagramCollage/InstagramCollage-Prefix.pch";
				GCC_PREPROCESSOR_DEFINITIONS = (
					"DEBUG=1",
					"$(inherited)",
				);
				INFOPLIST_FILE = "InstagramCollageTests/InstagramCollageTests-Info.plist";
				PRODUCT_NAME = "$(TARGET_NAME)";
				TEST_HOST = "$(BUNDLE_LOADER)";
				WRAPPER_EXTENSION = xctest;
			};
			name = Debug;
		};
		1E3FF3091966C1C60074132C /* Release */ = {
			isa = XCBuildConfiguration;
			buildSettings = {
				BUNDLE_LOADER = "$(BUILT_PRODUCTS_DIR)/InstagramCollage.app/InstagramCollage";
				FRAMEWORK_SEARCH_PATHS = (
					"$(SDKROOT)/Developer/Library/Frameworks",
					"$(inherited)",
					"$(DEVELOPER_FRAMEWORKS_DIR)",
				);
				GCC_PRECOMPILE_PREFIX_HEADER = YES;
				GCC_PREFIX_HEADER = "InstagramCollage/InstagramCollage-Prefix.pch";
				INFOPLIST_FILE = "InstagramCollageTests/InstagramCollageTests-Info.plist";
				PRODUCT_NAME = "$(TARGET_NAME)";
				TEST_HOST = "$(BUNDLE_LOADER)";
				WRAPPER_EXTENSION = xctest;
			};
			name = Release;
		};
/* End XCBuildConfiguration section */

/* Begin XCConfigurationList section */
		1E3FF2CD1966C1C50074132C /* Build configuration list for PBXProject "InstagramCollage" */ = {
			isa = XCConfigurationList;
			buildConfigurations = (
				1E3FF3021966C1C60074132C /* Debug */,
				1E3FF3031966C1C60074132C /* Release */,
			);
			defaultConfigurationIsVisible = 0;
			defaultConfigurationName = Release;
		};
		1E3FF3041966C1C60074132C /* Build configuration list for PBXNativeTarget "InstagramCollage" */ = {
			isa = XCConfigurationList;
			buildConfigurations = (
				1E3FF3051966C1C60074132C /* Debug */,
				1E3FF3061966C1C60074132C /* Release */,
			);
			defaultConfigurationIsVisible = 0;
			defaultConfigurationName = Release;
		};
		1E3FF3071966C1C60074132C /* Build configuration list for PBXNativeTarget "InstagramCollageTests" */ = {
			isa = XCConfigurationList;
			buildConfigurations = (
				1E3FF3081966C1C60074132C /* Debug */,
				1E3FF3091966C1C60074132C /* Release */,
			);
			defaultConfigurationIsVisible = 0;
			defaultConfigurationName = Release;
		};
/* End XCConfigurationList section */
	};
	rootObject = 1E3FF2CA1966C1C50074132C /* Project object */;
}
